
Microsoft Visual Studio Solution File, Format Version 12.00
# Visual Studio Version 16
VisualStudioVersion = 16.0.31025.194
MinimumVisualStudioVersion = 10.0.40219.1
Project("{FAE04EC0-301F-11D3-BF4B-00C04F79EFBC}") = "WindowFormApp", "WindowFormApp\WindowFormApp.csproj", "{F6B71F62-0073-4206-8D42-F86924909892}"
EndProject
Project("{FAE04EC0-301F-11D3-BF4B-00C04F79EFBC}") = "InputFormApp", "InputFormApp\InputFormApp.csproj", "{094A0128-C0F8-43B0-82F6-BA10BF2DE228}"
EndProject
Global
	GlobalSection(SolutionConfigurationPlatforms) = preSolution
		Debug|Any CPU = Debug|Any CPU
		Release|Any CPU = Release|Any CPU
	EndGlobalSection
	GlobalSection(ProjectConfigurationPlatforms) = postSolution
		{F6B71F62-0073-4206-8D42-F86924909892}.Debug|Any CPU.ActiveCfg = Debug|Any CPU
		{F6B71F62-0073-4206-8D42-F86924909892}.Debug|Any CPU.Build.0 = Debug|Any CPU
		{F6B71F62-0073-4206-8D42-F86924909892}.Release|Any CPU.ActiveCfg = Release|Any CPU
		{F6B71F62-0073-4206-8D42-F86924909892}.Release|Any CPU.Build.0 = Release|Any CPU
		{094A0128-C0F8-43B0-82F6-BA10BF2DE228}.Debug|Any CPU.ActiveCfg = Debug|Any CPU
		{094A0128-C0F8-43B0-82F6-BA10BF2DE228}.Debug|Any CPU.Build.0 = Debug|Any CPU
		{094A0128-C0F8-43B0-82F6-BA10BF2DE228}.Release|Any CPU.ActiveCfg = Release|Any CPU
		{094A0128-C0F8-43B0-82F6-BA10BF2DE228}.Release|Any CPU.Build.0 = Release|Any CPU
	EndGlobalSection
	GlobalSection(SolutionProperties) = preSolution
		HideSolutionNode = FALSE
	EndGlobalSection
	GlobalSection(ExtensibilityGlobals) = postSolution
		SolutionGuid = {7C0A2797-CE72-449D-92D6-D4C03117CE80}
	EndGlobalSection
EndGlobal
