
Microsoft Visual Studio Solution File, Format Version 12.00
# Visual Studio Version 16
VisualStudioVersion = 16.0.31025.194
MinimumVisualStudioVersion = 10.0.40219.1
Project("{FAE04EC0-301F-11D3-BF4B-00C04F79EFBC}") = "AddFraction", "AddFraction\AddFraction.csproj", "{78B9E3A1-AC02-40B6-B2E6-805FE33D6F23}"
EndProject
Global
	GlobalSection(SolutionConfigurationPlatforms) = preSolution
		Debug|Any CPU = Debug|Any CPU
		Release|Any CPU = Release|Any CPU
	EndGlobalSection
	GlobalSection(ProjectConfigurationPlatforms) = postSolution
		{78B9E3A1-AC02-40B6-B2E6-805FE33D6F23}.Debug|Any CPU.ActiveCfg = Debug|Any CPU
		{78B9E3A1-AC02-40B6-B2E6-805FE33D6F23}.Debug|Any CPU.Build.0 = Debug|Any CPU
		{78B9E3A1-AC02-40B6-B2E6-805FE33D6F23}.Release|Any CPU.ActiveCfg = Release|Any CPU
		{78B9E3A1-AC02-40B6-B2E6-805FE33D6F23}.Release|Any CPU.Build.0 = Release|Any CPU
	EndGlobalSection
	GlobalSection(SolutionProperties) = preSolution
		HideSolutionNode = FALSE
	EndGlobalSection
	GlobalSection(ExtensibilityGlobals) = postSolution
		SolutionGuid = {E1CAE08A-0622-4025-B84A-D00BF6B756AC}
	EndGlobalSection
EndGlobal
